
Microsoft Visual Studio Solution File, Format Version 12.00
# Visual Studio Version 16
VisualStudioVersion = 16.0.30413.136
MinimumVisualStudioVersion = 10.0.40219.1
Project("{888888A0-9F3D-457C-B088-3A5042F75D52}") = "Char_Sheet", "Char_Sheet\Char_Sheet.pyproj", "{09951982-9015-45CD-9C05-746922E05AC8}"
EndProject
Global
	GlobalSection(SolutionConfigurationPlatforms) = preSolution
		Debug|Any CPU = Debug|Any CPU
		Release|Any CPU = Release|Any CPU
	EndGlobalSection
	GlobalSection(ProjectConfigurationPlatforms) = postSolution
		{09951982-9015-45CD-9C05-746922E05AC8}.Debug|Any CPU.ActiveCfg = Debug|Any CPU
		{09951982-9015-45CD-9C05-746922E05AC8}.Release|Any CPU.ActiveCfg = Release|Any CPU
	EndGlobalSection
	GlobalSection(SolutionProperties) = preSolution
		HideSolutionNode = FALSE
	EndGlobalSection
	GlobalSection(ExtensibilityGlobals) = postSolution
		SolutionGuid = {5F155CC0-E955-48E1-886D-C8B0A899DB22}
	EndGlobalSection
EndGlobal
